
Microsoft Visual Studio Solution File, Format Version 12.00
# Visual Studio Version 16
VisualStudioVersion = 16.0.31105.61
MinimumVisualStudioVersion = 10.0.40219.1
Project("{9A19103F-16F7-4668-BE54-9A1E7A4F7556}") = "EmployeeManager.RazorPages", "EmployeeManager.RazorPages.csproj", "{A27B378F-4242-4CAE-93FA-324F74E48F47}"
EndProject
Global
	GlobalSection(SolutionConfigurationPlatforms) = preSolution
		Debug|Any CPU = Debug|Any CPU
		Release|Any CPU = Release|Any CPU
	EndGlobalSection
	GlobalSection(ProjectConfigurationPlatforms) = postSolution
		{A27B378F-4242-4CAE-93FA-324F74E48F47}.Debug|Any CPU.ActiveCfg = Debug|Any CPU
		{A27B378F-4242-4CAE-93FA-324F74E48F47}.Debug|Any CPU.Build.0 = Debug|Any CPU
		{A27B378F-4242-4CAE-93FA-324F74E48F47}.Release|Any CPU.ActiveCfg = Release|Any CPU
		{A27B378F-4242-4CAE-93FA-324F74E48F47}.Release|Any CPU.Build.0 = Release|Any CPU
	EndGlobalSection
	GlobalSection(SolutionProperties) = preSolution
		HideSolutionNode = FALSE
	EndGlobalSection
	GlobalSection(ExtensibilityGlobals) = postSolution
		SolutionGuid = {B5D4AB0B-E4F5-4EC3-8918-EA031C1FF620}
	EndGlobalSection
EndGlobal
